
Microsoft Visual Studio Solution File, Format Version 12.00
# Visual Studio Version 17
VisualStudioVersion = 17.1.32421.90
MinimumVisualStudioVersion = 10.0.40219.1
Project("{FAE04EC0-301F-11D3-BF4B-00C04F79EFBC}") = "WebAPIEFDemo", "WebAPIEFDemo\WebAPIEFDemo.csproj", "{4159A969-0C73-439B-9EDB-BB166A2E6B95}"
EndProject
Global
	GlobalSection(SolutionConfigurationPlatforms) = preSolution
		Debug|Any CPU = Debug|Any CPU
		Release|Any CPU = Release|Any CPU
	EndGlobalSection
	GlobalSection(ProjectConfigurationPlatforms) = postSolution
		{4159A969-0C73-439B-9EDB-BB166A2E6B95}.Debug|Any CPU.ActiveCfg = Debug|Any CPU
		{4159A969-0C73-439B-9EDB-BB166A2E6B95}.Debug|Any CPU.Build.0 = Debug|Any CPU
		{4159A969-0C73-439B-9EDB-BB166A2E6B95}.Release|Any CPU.ActiveCfg = Release|Any CPU
		{4159A969-0C73-439B-9EDB-BB166A2E6B95}.Release|Any CPU.Build.0 = Release|Any CPU
	EndGlobalSection
	GlobalSection(SolutionProperties) = preSolution
		HideSolutionNode = FALSE
	EndGlobalSection
	GlobalSection(ExtensibilityGlobals) = postSolution
		SolutionGuid = {DC336EC4-D6F8-43AF-8DE6-CF7155B870A9}
	EndGlobalSection
EndGlobal
